// !$*UTF8*$!
{
	archiveVersion = 1;
	classes = {
	};
	objectVersion = 46;
	objects = {

/* Begin PBXBuildFile section */
		D5C48DA21B7E351F00F403D5 /* AppDelegate.swift in Sources */ = {isa = PBXBuildFile; fileRef = D5C48DA11B7E351F00F403D5 /* AppDelegate.swift */; };
		D5C48DA41B7E351F00F403D5 /* ViewController.swift in Sources */ = {isa = PBXBuildFile; fileRef = D5C48DA31B7E351F00F403D5 /* ViewController.swift */; };
		D5C48DA71B7E351F00F403D5 /* Main.storyboard in Resources */ = {isa = PBXBuildFile; fileRef = D5C48DA51B7E351F00F403D5 /* Main.storyboard */; };
		D5C48DA91B7E351F00F403D5 /* Images.xcassets in Resources */ = {isa = PBXBuildFile; fileRef = D5C48DA81B7E351F00F403D5 /* Images.xcassets */; };
		D5C48DAC1B7E351F00F403D5 /* LaunchScreen.xib in Resources */ = {isa = PBXBuildFile; fileRef = D5C48DAA1B7E351F00F403D5 /* LaunchScreen.xib */; };
		D5C48DB81B7E351F00F403D5 /* tiperTests.swift in Sources */ = {isa = PBXBuildFile; fileRef = D5C48DB71B7E351F00F403D5 /* tiperTests.swift */; };
/* End PBXBuildFile section */

/* Begin PBXContainerItemProxy section */
		D5C48DB21B7E351F00F403D5 /* PBXContainerItemProxy */ = {
			isa = PBXContainerItemProxy;
			containerPortal = D5C48D941B7E351E00F403D5 /* Project object */;
			proxyType = 1;
			remoteGlobalIDString = D5C48D9B1B7E351F00F403D5;
			remoteInfo = tiper;
		};
/* End PBXContainerItemProxy section */

/* Begin PBXFileReference section */
		D5C48D9C1B7E351F00F403D5 /* tiper.app */ = {isa = PBXFileReference; explicitFileType = wrapper.application; includeInIndex = 0; path = tiper.app; sourceTree = BUILT_PRODUCTS_DIR; };
		D5C48DA01B7E351F00F403D5 /* Info.plist */ = {isa = PBXFileReference; lastKnownFileType = text.plist.xml; path = Info.plist; sourceTree = "<group>"; };
		D5C48DA11B7E351F00F403D5 /* AppDelegate.swift */ = {isa = PBXFileReference; lastKnownFileType = sourcecode.swift; path = AppDelegate.swift; sourceTree = "<group>"; };
		D5C48DA31B7E351F00F403D5 /* ViewController.swift */ = {isa = PBXFileReference; lastKnownFileType = sourcecode.swift; path = ViewController.swift; sourceTree = "<group>"; };
		D5C48DA61B7E351F00F403D5 /* Base */ = {isa = PBXFileReference; lastKnownFileType = file.storyboard; name = Base; path = Base.lproj/Main.storyboard; sourceTree = "<group>"; };
		D5C48DA81B7E351F00F403D5 /* Images.xcassets */ = {isa = PBXFileReference; lastKnownFileType = folder.assetcatalog; path = Images.xcassets; sourceTree = "<group>"; };
		D5C48DAB1B7E351F00F403D5 /* Base */ = {isa = PBXFileReference; lastKnownFileType = file.xib; name = Base; path = Base.lproj/LaunchScreen.xib; sourceTree = "<group>"; };
		D5C48DB11B7E351F00F403D5 /* tiperTests.xctest */ = {isa = PBXFileReference; explicitFileType = wrapper.cfbundle; includeInIndex = 0; path = tiperTests.xctest; sourceTree = BUILT_PRODUCTS_DIR; };
		D5C48DB61B7E351F00F403D5 /* Info.plist */ = {isa = PBXFileReference; lastKnownFileType = text.plist.xml; path = Info.plist; sourceTree = "<group>"; };
		D5C48DB71B7E351F00F403D5 /* tiperTests.swift */ = {isa = PBXFileReference; lastKnownFileType = sourcecode.swift; path = tiperTests.swift; sourceTree = "<group>"; };
/* End PBXFileReference section */

/* Begin PBXFrameworksBuildPhase section */
		D5C48D991B7E351F00F403D5 /* Frameworks */ = {
			isa = PBXFrameworksBuildPhase;
			buildActionMask = 2147483647;
			files = (
			);
			runOnlyForDeploymentPostprocessing = 0;
		};
		D5C48DAE1B7E351F00F403D5 /* Frameworks */ = {
			isa = PBXFrameworksBuildPhase;
			buildActionMask = 2147483647;
			files = (
			);
			runOnlyForDeploymentPostprocessing = 0;
		};
/* End PBXFrameworksBuildPhase section */

/* Begin PBXGroup section */
		D5C48D931B7E351E00F403D5 = {
			isa = PBXGroup;
			children = (
				D5C48D9E1B7E351F00F403D5 /* tiper */,
				D5C48DB41B7E351F00F403D5 /* tiperTests */,
				D5C48D9D1B7E351F00F403D5 /* Products */,
			);
			sourceTree = "<group>";
		};
		D5C48D9D1B7E351F00F403D5 /* Products */ = {
			isa = PBXGroup;
			children = (
				D5C48D9C1B7E351F00F403D5 /* tiper.app */,
				D5C48DB11B7E351F00F403D5 /* tiperTests.xctest */,
			);
			name = Products;
			sourceTree = "<group>";
		};
		D5C48D9E1B7E351F00F403D5 /* tiper */ = {
			isa = PBXGroup;
			children = (
				D5C48DA11B7E351F00F403D5 /* AppDelegate.swift */,
				D5C48DA31B7E351F00F403D5 /* ViewController.swift */,
				D5C48DA51B7E351F00F403D5 /* Main.storyboard */,
				D5C48DA81B7E351F00F403D5 /* Images.xcassets */,
				D5C48DAA1B7E351F00F403D5 /* LaunchScreen.xib */,
				D5C48D9F1B7E351F00F403D5 /* Supporting Files */,
			);
			path = tiper;
			sourceTree = "<group>";
		};
		D5C48D9F1B7E351F00F403D5 /* Supporting Files */ = {
			isa = PBXGroup;
			children = (
				D5C48DA01B7E351F00F403D5 /* Info.plist */,
			);
			name = "Supporting Files";
			sourceTree = "<group>";
		};
		D5C48DB41B7E351F00F403D5 /* tiperTests */ = {
			isa = PBXGroup;
			children = (
				D5C48DB71B7E351F00F403D5 /* tiperTests.swift */,
				D5C48DB51B7E351F00F403D5 /* Supporting Files */,
			);
			path = tiperTests;
			sourceTree = "<group>";
		};
		D5C48DB51B7E351F00F403D5 /* Supporting Files */ = {
			isa = PBXGroup;
			children = (
				D5C48DB61B7E351F00F403D5 /* Info.plist */,
			);
			name = "Supporting Files";
			sourceTree = "<group>";
		};
/* End PBXGroup section */

/* Begin PBXNativeTarget section */
		D5C48D9B1B7E351F00F403D5 /* tiper */ = {
			isa = PBXNativeTarget;
			buildConfigurationList = D5C48DBB1B7E351F00F403D5 /* Build configuration list for PBXNativeTarget "tiper" */;
			buildPhases = (
				D5C48D981B7E351F00F403D5 /* Sources */,
				D5C48D991B7E351F00F403D5 /* Frameworks */,
				D5C48D9A1B7E351F00F403D5 /* Resources */,
			);
			buildRules = (
			);
			dependencies = (
			);
			name = tiper;
			productName = tiper;
			productReference = D5C48D9C1B7E351F00F403D5 /* tiper.app */;
			productType = "com.apple.product-type.application";
		};
		D5C48DB01B7E351F00F403D5 /* tiperTests */ = {
			isa = PBXNativeTarget;
			buildConfigurationList = D5C48DBE1B7E351F00F403D5 /* Build configuration list for PBXNativeTarget "tiperTests" */;
			buildPhases = (
				D5C48DAD1B7E351F00F403D5 /* Sources */,
				D5C48DAE1B7E351F00F403D5 /* Frameworks */,
				D5C48DAF1B7E351F00F403D5 /* Resources */,
			);
			buildRules = (
			);
			dependencies = (
				D5C48DB31B7E351F00F403D5 /* PBXTargetDependency */,
			);
			name = tiperTests;
			productName = tiperTests;
			productReference = D5C48DB11B7E351F00F403D5 /* tiperTests.xctest */;
			productType = "com.apple.product-type.bundle.unit-test";
		};
/* End PBXNativeTarget section */

/* Begin PBXProject section */
		D5C48D941B7E351E00F403D5 /* Project object */ = {
			isa = PBXProject;
			attributes = {
				LastUpgradeCheck = 0640;
				ORGANIZATIONNAME = phuctanpham;
				TargetAttributes = {
					D5C48D9B1B7E351F00F403D5 = {
						CreatedOnToolsVersion = 6.4;
					};
					D5C48DB01B7E351F00F403D5 = {
						CreatedOnToolsVersion = 6.4;
						TestTargetID = D5C48D9B1B7E351F00F403D5;
					};
				};
			};
			buildConfigurationList = D5C48D971B7E351E00F403D5 /* Build configuration list for PBXProject "tiper" */;
			compatibilityVersion = "Xcode 3.2";
			developmentRegion = English;
			hasScannedForEncodings = 0;
			knownRegions = (
				en,
				Base,
			);
			mainGroup = D5C48D931B7E351E00F403D5;
			productRefGroup = D5C48D9D1B7E351F00F403D5 /* Products */;
			projectDirPath = "";
			projectRoot = "";
			targets = (
				D5C48D9B1B7E351F00F403D5 /* tiper */,
				D5C48DB01B7E351F00F403D5 /* tiperTests */,
			);
		};
/* End PBXProject section */

/* Begin PBXResourcesBuildPhase section */
		D5C48D9A1B7E351F00F403D5 /* Resources */ = {
			isa = PBXResourcesBuildPhase;
			buildActionMask = 2147483647;
			files = (
				D5C48DA71B7E351F00F403D5 /* Main.storyboard in Resources */,
				D5C48DAC1B7E351F00F403D5 /* LaunchScreen.xib in Resources */,
				D5C48DA91B7E351F00F403D5 /* Images.xcassets in Resources */,
			);
			runOnlyForDeploymentPostprocessing = 0;
		};
		D5C48DAF1B7E351F00F403D5 /* Resources */ = {
			isa = PBXResourcesBuildPhase;
			buildActionMask = 2147483647;
			files = (
			);
			runOnlyForDeploymentPostprocessing = 0;
		};
/* End PBXResourcesBuildPhase section */

/* Begin PBXSourcesBuildPhase section */
		D5C48D981B7E351F00F403D5 /* Sources */ = {
			isa = PBXSourcesBuildPhase;
			buildActionMask = 2147483647;
			files = (
				D5C48DA41B7E351F00F403D5 /* ViewController.swift in Sources */,
				D5C48DA21B7E351F00F403D5 /* AppDelegate.swift in Sources */,
			);
			runOnlyForDeploymentPostprocessing = 0;
		};
		D5C48DAD1B7E351F00F403D5 /* Sources */ = {
			isa = PBXSourcesBuildPhase;
			buildActionMask = 2147483647;
			files = (
				D5C48DB81B7E351F00F403D5 /* tiperTests.swift in Sources */,
			);
			runOnlyForDeploymentPostprocessing = 0;
		};
/* End PBXSourcesBuildPhase section */

/* Begin PBXTargetDependency section */
		D5C48DB31B7E351F00F403D5 /* PBXTargetDependency */ = {
			isa = PBXTargetDependency;
			target = D5C48D9B1B7E351F00F403D5 /* tiper */;
			targetProxy = D5C48DB21B7E351F00F403D5 /* PBXContainerItemProxy */;
		};
/* End PBXTargetDependency section */

/* Begin PBXVariantGroup section */
		D5C48DA51B7E351F00F403D5 /* Main.storyboard */ = {
			isa = PBXVariantGroup;
			children = (
				D5C48DA61B7E351F00F403D5 /* Base */,
			);
			name = Main.storyboard;
			sourceTree = "<group>";
		};
		D5C48DAA1B7E351F00F403D5 /* LaunchScreen.xib */ = {
			isa = PBXVariantGroup;
			children = (
				D5C48DAB1B7E351F00F403D5 /* Base */,
			);
			name = LaunchScreen.xib;
			sourceTree = "<group>";
		};
/* End PBXVariantGroup section */

/* Begin XCBuildConfiguration section */
		D5C48DB91B7E351F00F403D5 /* Debug */ = {
			isa = XCBuildConfiguration;
			buildSettings = {
				ALWAYS_SEARCH_USER_PATHS = NO;
				CLANG_CXX_LANGUAGE_STANDARD = "gnu++0x";
				CLANG_CXX_LIBRARY = "libc++";
				CLANG_ENABLE_MODULES = YES;
				CLANG_ENABLE_OBJC_ARC = YES;
				CLANG_WARN_BOOL_CONVERSION = YES;
				CLANG_WARN_CONSTANT_CONVERSION = YES;
				CLANG_WARN_DIRECT_OBJC_ISA_USAGE = YES_ERROR;
				CLANG_WARN_EMPTY_BODY = YES;
				CLANG_WARN_ENUM_CONVERSION = YES;
				CLANG_WARN_INT_CONVERSION = YES;
				CLANG_WARN_OBJC_ROOT_CLASS = YES_ERROR;
				CLANG_WARN_UNREACHABLE_CODE = YES;
				CLANG_WARN__DUPLICATE_METHOD_MATCH = YES;
				"CODE_SIGN_IDENTITY[sdk=iphoneos*]" = "iPhone Developer";
				COPY_PHASE_STRIP = NO;
				DEBUG_INFORMATION_FORMAT = "dwarf-with-dsym";
				ENABLE_STRICT_OBJC_MSGSEND = YES;
				GCC_C_LANGUAGE_STANDARD = gnu99;
				GCC_DYNAMIC_NO_PIC = NO;
				GCC_NO_COMMON_BLOCKS = YES;
				GCC_OPTIMIZATION_LEVEL = 0;
				GCC_PREPROCESSOR_DEFINITIONS = (
					"DEBUG=1",
					"$(inherited)",
				);
				GCC_SYMBOLS_PRIVATE_EXTERN = NO;
				GCC_WARN_64_TO_32_BIT_CONVERSION = YES;
				GCC_WARN_ABOUT_RETURN_TYPE = YES_ERROR;
				GCC_WARN_UNDECLARED_SELECTOR = YES;
				GCC_WARN_UNINITIALIZED_AUTOS = YES_AGGRESSIVE;
				GCC_WARN_UNUSED_FUNCTION = YES;
				GCC_WARN_UNUSED_VARIABLE = YES;
				IPHONEOS_DEPLOYMENT_TARGET = 8.4;
				MTL_ENABLE_DEBUG_INFO = YES;
				ONLY_ACTIVE_ARCH = YES;
				SDKROOT = iphoneos;
				SWIFT_OPTIMIZATION_LEVEL = "-Onone";
			};
			name = Debug;
		};
		D5C48DBA1B7E351F00F403D5 /* Release */ = {
			isa = XCBuildConfiguration;
			buildSettings = {
				ALWAYS_SEARCH_USER_PATHS = NO;
				CLANG_CXX_LANGUAGE_STANDARD = "gnu++0x";
				CLANG_CXX_LIBRARY = "libc++";
				CLANG_ENABLE_MODULES = YES;
				CLANG_ENABLE_OBJC_ARC = YES;
				CLANG_WARN_BOOL_CONVERSION = YES;
				CLANG_WARN_CONSTANT_CONVERSION = YES;
				CLANG_WARN_DIRECT_OBJC_ISA_USAGE = YES_ERROR;
				CLANG_WARN_EMPTY_BODY = YES;
				CLANG_WARN_ENUM_CONVERSION = YES;
				CLANG_WARN_INT_CONVERSION = YES;
				CLANG_WARN_OBJC_ROOT_CLASS = YES_ERROR;
				CLANG_WARN_UNREACHABLE_CODE = YES;
				CLANG_WARN__DUPLICATE_METHOD_MATCH = YES;
				"CODE_SIGN_IDENTITY[sdk=iphoneos*]" = "iPhone Developer";
				COPY_PHASE_STRIP = NO;
				DEBUG_INFORMATION_FORMAT = "dwarf-with-dsym";
				ENABLE_NS_ASSERTIONS = NO;
				ENABLE_STRICT_OBJC_MSGSEND = YES;
				GCC_C_LANGUAGE_STANDARD = gnu99;
				GCC_NO_COMMON_BLOCKS = YES;
				GCC_WARN_64_TO_32_BIT_CONVERSION = YES;
				GCC_WARN_ABOUT_RETURN_TYPE = YES_ERROR;
				GCC_WARN_UNDECLARED_SELECTOR = YES;
				GCC_WARN_UNINITIALIZED_AUTOS = YES_AGGRESSIVE;
				GCC_WARN_UNUSED_FUNCTION = YES;
				GCC_WARN_UNUSED_VARIABLE = YES;
				IPHONEOS_DEPLOYMENT_TARGET = 8.4;
				MTL_ENABLE_DEBUG_INFO = NO;
				SDKROOT = iphoneos;
				VALIDATE_PRODUCT = YES;
			};
			name = Release;
		};
		D5C48DBC1B7E351F00F403D5 /* Debug */ = {
			isa = XCBuildConfiguration;
			buildSettings = {
				ASSETCATALOG_COMPILER_APPICON_NAME = AppIcon;
				INFOPLIST_FILE = tiper/Info.plist;
				LD_RUNPATH_SEARCH_PATHS = "$(inherited) @executable_path/Frameworks";
				PRODUCT_NAME = "$(TARGET_NAME)";
			};
			name = Debug;
		};
		D5C48DBD1B7E351F00F403D5 /* Release */ = {
			isa = XCBuildConfiguration;
			buildSettings = {
				ASSETCATALOG_COMPILER_APPICON_NAME = AppIcon;
				INFOPLIST_FILE = tiper/Info.plist;
				LD_RUNPATH_SEARCH_PATHS = "$(inherited) @executable_path/Frameworks";
				PRODUCT_NAME = "$(TARGET_NAME)";
			};
			name = Release;
		};
		D5C48DBF1B7E351F00F403D5 /* Debug */ = {
			isa = XCBuildConfiguration;
			buildSettings = {
				BUNDLE_LOADER = "$(TEST_HOST)";
				FRAMEWORK_SEARCH_PATHS = (
					"$(SDKROOT)/Developer/Library/Frameworks",
					"$(inherited)",
				);
				GCC_PREPROCESSOR_DEFINITIONS = (
					"DEBUG=1",
					"$(inherited)",
				);
				INFOPLIST_FILE = tiperTests/Info.plist;
				LD_RUNPATH_SEARCH_PATHS = "$(inherited) @executable_path/Frameworks @loader_path/Frameworks";
				PRODUCT_NAME = "$(TARGET_NAME)";
				TEST_HOST = "$(BUILT_PRODUCTS_DIR)/tiper.app/tiper";
			};
			name = Debug;
		};
		D5C48DC01B7E351F00F403D5 /* Release */ = {
			isa = XCBuildConfiguration;
			buildSettings = {
				BUNDLE_LOADER = "$(TEST_HOST)";
				FRAMEWORK_SEARCH_PATHS = (
					"$(SDKROOT)/Developer/Library/Frameworks",
					"$(inherited)",
				);
				INFOPLIST_FILE = tiperTests/Info.plist;
				LD_RUNPATH_SEARCH_PATHS = "$(inherited) @executable_path/Frameworks @loader_path/Frameworks";
				PRODUCT_NAME = "$(TARGET_NAME)";
				TEST_HOST = "$(BUILT_PRODUCTS_DIR)/tiper.app/tiper";
			};
			name = Release;
		};
/* End XCBuildConfiguration section */

/* Begin XCConfigurationList section */
		D5C48D971B7E351E00F403D5 /* Build configuration list for PBXProject "tiper" */ = {
			isa = XCConfigurationList;
			buildConfigurations = (
				D5C48DB91B7E351F00F403D5 /* Debug */,
				D5C48DBA1B7E351F00F403D5 /* Release */,
			);
			defaultConfigurationIsVisible = 0;
			defaultConfigurationName = Release;
		};
		D5C48DBB1B7E351F00F403D5 /* Build configuration list for PBXNativeTarget "tiper" */ = {
			isa = XCConfigurationList;
			buildConfigurations = (
				D5C48DBC1B7E351F00F403D5 /* Debug */,
				D5C48DBD1B7E351F00F403D5 /* Release */,
			);
			defaultConfigurationIsVisible = 0;
		};
		D5C48DBE1B7E351F00F403D5 /* Build configuration list for PBXNativeTarget "tiperTests" */ = {
			isa = XCConfigurationList;
			buildConfigurations = (
				D5C48DBF1B7E351F00F403D5 /* Debug */,
				D5C48DC01B7E351F00F403D5 /* Release */,
			);
			defaultConfigurationIsVisible = 0;
		};
/* End XCConfigurationList section */
	};
	rootObject = D5C48D941B7E351E00F403D5 /* Project object */;
}
